// !$*UTF8*$!
{
	archiveVersion = 1;
	classes = {
	};
	objectVersion = 46;
	objects = {

/* Begin PBXBuildFile section */
		E76D113E201F4AA8009C6DA5 /* AppDelegate.swift in Sources */ = {isa = PBXBuildFile; fileRef = E76D113D201F4AA8009C6DA5 /* AppDelegate.swift */; };
		E76D1140201F4AA8009C6DA5 /* ViewController.swift in Sources */ = {isa = PBXBuildFile; fileRef = E76D113F201F4AA8009C6DA5 /* ViewController.swift */; };
		E76D1143201F4AA9009C6DA5 /* Main.storyboard in Resources */ = {isa = PBXBuildFile; fileRef = E76D1141201F4AA9009C6DA5 /* Main.storyboard */; };
		E76D1145201F4AA9009C6DA5 /* Assets.xcassets in Resources */ = {isa = PBXBuildFile; fileRef = E76D1144201F4AA9009C6DA5 /* Assets.xcassets */; };
		E76D1148201F4AA9009C6DA5 /* LaunchScreen.storyboard in Resources */ = {isa = PBXBuildFile; fileRef = E76D1146201F4AA9009C6DA5 /* LaunchScreen.storyboard */; };
/* End PBXBuildFile section */

/* Begin PBXFileReference section */
		E76D113A201F4AA8009C6DA5 /* TASK_2_Łukasz.app */ = {isa = PBXFileReference; explicitFileType = wrapper.application; includeInIndex = 0; path = "TASK_2_Łukasz.app"; sourceTree = BUILT_PRODUCTS_DIR; };
		E76D113D201F4AA8009C6DA5 /* AppDelegate.swift */ = {isa = PBXFileReference; lastKnownFileType = sourcecode.swift; path = AppDelegate.swift; sourceTree = "<group>"; };
		E76D113F201F4AA8009C6DA5 /* ViewController.swift */ = {isa = PBXFileReference; lastKnownFileType = sourcecode.swift; path = ViewController.swift; sourceTree = "<group>"; };
		E76D1142201F4AA9009C6DA5 /* Base */ = {isa = PBXFileReference; lastKnownFileType = file.storyboard; name = Base; path = Base.lproj/Main.storyboard; sourceTree = "<group>"; };
		E76D1144201F4AA9009C6DA5 /* Assets.xcassets */ = {isa = PBXFileReference; lastKnownFileType = folder.assetcatalog; path = Assets.xcassets; sourceTree = "<group>"; };
		E76D1147201F4AA9009C6DA5 /* Base */ = {isa = PBXFileReference; lastKnownFileType = file.storyboard; name = Base; path = Base.lproj/LaunchScreen.storyboard; sourceTree = "<group>"; };
		E76D1149201F4AA9009C6DA5 /* Info.plist */ = {isa = PBXFileReference; lastKnownFileType = text.plist.xml; path = Info.plist; sourceTree = "<group>"; };
/* End PBXFileReference section */

/* Begin PBXFrameworksBuildPhase section */
		E76D1137201F4AA7009C6DA5 /* Frameworks */ = {
			isa = PBXFrameworksBuildPhase;
			buildActionMask = 2147483647;
			files = (
			);
			runOnlyForDeploymentPostprocessing = 0;
		};
/* End PBXFrameworksBuildPhase section */

/* Begin PBXGroup section */
		E76D1131201F4AA7009C6DA5 = {
			isa = PBXGroup;
			children = (
				E76D113C201F4AA8009C6DA5 /* TASK_2_Łukasz */,
				E76D113B201F4AA8009C6DA5 /* Products */,
			);
			sourceTree = "<group>";
		};
		E76D113B201F4AA8009C6DA5 /* Products */ = {
			isa = PBXGroup;
			children = (
				E76D113A201F4AA8009C6DA5 /* TASK_2_Łukasz.app */,
			);
			name = Products;
			sourceTree = "<group>";
		};
		E76D113C201F4AA8009C6DA5 /* TASK_2_Łukasz */ = {
			isa = PBXGroup;
			children = (
				E76D113D201F4AA8009C6DA5 /* AppDelegate.swift */,
				E76D113F201F4AA8009C6DA5 /* ViewController.swift */,
				E76D1141201F4AA9009C6DA5 /* Main.storyboard */,
				E76D1144201F4AA9009C6DA5 /* Assets.xcassets */,
				E76D1146201F4AA9009C6DA5 /* LaunchScreen.storyboard */,
				E76D1149201F4AA9009C6DA5 /* Info.plist */,
			);
			path = "TASK_2_Łukasz";
			sourceTree = "<group>";
		};
/* End PBXGroup section */

/* Begin PBXNativeTarget section */
		E76D1139201F4AA7009C6DA5 /* TASK_2_Łukasz */ = {
			isa = PBXNativeTarget;
			buildConfigurationList = E76D114C201F4AA9009C6DA5 /* Build configuration list for PBXNativeTarget "TASK_2_Łukasz" */;
			buildPhases = (
				E76D1136201F4AA7009C6DA5 /* Sources */,
				E76D1137201F4AA7009C6DA5 /* Frameworks */,
				E76D1138201F4AA7009C6DA5 /* Resources */,
			);
			buildRules = (
			);
			dependencies = (
			);
			name = "TASK_2_Łukasz";
			productName = "TASK_2_Łukasz";
			productReference = E76D113A201F4AA8009C6DA5 /* TASK_2_Łukasz.app */;
			productType = "com.apple.product-type.application";
		};
/* End PBXNativeTarget section */

/* Begin PBXProject section */
		E76D1132201F4AA7009C6DA5 /* Project object */ = {
			isa = PBXProject;
			attributes = {
				LastSwiftUpdateCheck = 0820;
				LastUpgradeCheck = 0820;
				ORGANIZATIONNAME = "Roman Mykitchak";
				TargetAttributes = {
					E76D1139201F4AA7009C6DA5 = {
						CreatedOnToolsVersion = 8.2.1;
						DevelopmentTeam = PR7TNNQAV2;
						ProvisioningStyle = Automatic;
					};
				};
			};
			buildConfigurationList = E76D1135201F4AA7009C6DA5 /* Build configuration list for PBXProject "TASK_2_Łukasz" */;
			compatibilityVersion = "Xcode 3.2";
			developmentRegion = English;
			hasScannedForEncodings = 0;
			knownRegions = (
				en,
				Base,
			);
			mainGroup = E76D1131201F4AA7009C6DA5;
			productRefGroup = E76D113B201F4AA8009C6DA5 /* Products */;
			projectDirPath = "";
			projectRoot = "";
			targets = (
				E76D1139201F4AA7009C6DA5 /* TASK_2_Łukasz */,
			);
		};
/* End PBXProject section */

/* Begin PBXResourcesBuildPhase section */
		E76D1138201F4AA7009C6DA5 /* Resources */ = {
			isa = PBXResourcesBuildPhase;
			buildActionMask = 2147483647;
			files = (
				E76D1148201F4AA9009C6DA5 /* LaunchScreen.storyboard in Resources */,
				E76D1145201F4AA9009C6DA5 /* Assets.xcassets in Resources */,
				E76D1143201F4AA9009C6DA5 /* Main.storyboard in Resources */,
			);
			runOnlyForDeploymentPostprocessing = 0;
		};
/* End PBXResourcesBuildPhase section */

/* Begin PBXSourcesBuildPhase section */
		E76D1136201F4AA7009C6DA5 /* Sources */ = {
			isa = PBXSourcesBuildPhase;
			buildActionMask = 2147483647;
			files = (
				E76D1140201F4AA8009C6DA5 /* ViewController.swift in Sources */,
				E76D113E201F4AA8009C6DA5 /* AppDelegate.swift in Sources */,
			);
			runOnlyForDeploymentPostprocessing = 0;
		};
/* End PBXSourcesBuildPhase section */

/* Begin PBXVariantGroup section */
		E76D1141201F4AA9009C6DA5 /* Main.storyboard */ = {
			isa = PBXVariantGroup;
			children = (
				E76D1142201F4AA9009C6DA5 /* Base */,
			);
			name = Main.storyboard;
			sourceTree = "<group>";
		};
		E76D1146201F4AA9009C6DA5 /* LaunchScreen.storyboard */ = {
			isa = PBXVariantGroup;
			children = (
				E76D1147201F4AA9009C6DA5 /* Base */,
			);
			name = LaunchScreen.storyboard;
			sourceTree = "<group>";
		};
/* End PBXVariantGroup section */

/* Begin XCBuildConfiguration section */
		E76D114A201F4AA9009C6DA5 /* Debug */ = {
			isa = XCBuildConfiguration;
			buildSettings = {
				ALWAYS_SEARCH_USER_PATHS = NO;
				CLANG_ANALYZER_NONNULL = YES;
				CLANG_CXX_LANGUAGE_STANDARD = "gnu++0x";
				CLANG_CXX_LIBRARY = "libc++";
				CLANG_ENABLE_MODULES = YES;
				CLANG_ENABLE_OBJC_ARC = YES;
				CLANG_WARN_BOOL_CONVERSION = YES;
				CLANG_WARN_CONSTANT_CONVERSION = YES;
				CLANG_WARN_DIRECT_OBJC_ISA_USAGE = YES_ERROR;
				CLANG_WARN_DOCUMENTATION_COMMENTS = YES;
				CLANG_WARN_EMPTY_BODY = YES;
				CLANG_WARN_ENUM_CONVERSION = YES;
				CLANG_WARN_INFINITE_RECURSION = YES;
				CLANG_WARN_INT_CONVERSION = YES;
				CLANG_WARN_OBJC_ROOT_CLASS = YES_ERROR;
				CLANG_WARN_SUSPICIOUS_MOVE = YES;
				CLANG_WARN_UNREACHABLE_CODE = YES;
				CLANG_WARN__DUPLICATE_METHOD_MATCH = YES;
				"CODE_SIGN_IDENTITY[sdk=iphoneos*]" = "iPhone Developer";
				COPY_PHASE_STRIP = NO;
				DEBUG_INFORMATION_FORMAT = dwarf;
				ENABLE_STRICT_OBJC_MSGSEND = YES;
				ENABLE_TESTABILITY = YES;
				GCC_C_LANGUAGE_STANDARD = gnu99;
				GCC_DYNAMIC_NO_PIC = NO;
				GCC_NO_COMMON_BLOCKS = YES;
				GCC_OPTIMIZATION_LEVEL = 0;
				GCC_PREPROCESSOR_DEFINITIONS = (
					"DEBUG=1",
					"$(inherited)",
				);
				GCC_WARN_64_TO_32_BIT_CONVERSION = YES;
				GCC_WARN_ABOUT_RETURN_TYPE = YES_ERROR;
				GCC_WARN_UNDECLARED_SELECTOR = YES;
				GCC_WARN_UNINITIALIZED_AUTOS = YES_AGGRESSIVE;
				GCC_WARN_UNUSED_FUNCTION = YES;
				GCC_WARN_UNUSED_VARIABLE = YES;
				IPHONEOS_DEPLOYMENT_TARGET = 10.2;
				MTL_ENABLE_DEBUG_INFO = YES;
				ONLY_ACTIVE_ARCH = YES;
				SDKROOT = iphoneos;
				SWIFT_ACTIVE_COMPILATION_CONDITIONS = DEBUG;
				SWIFT_OPTIMIZATION_LEVEL = "-Onone";
			};
			name = Debug;
		};
		E76D114B201F4AA9009C6DA5 /* Release */ = {
			isa = XCBuildConfiguration;
			buildSettings = {
				ALWAYS_SEARCH_USER_PATHS = NO;
				CLANG_ANALYZER_NONNULL = YES;
				CLANG_CXX_LANGUAGE_STANDARD = "gnu++0x";
				CLANG_CXX_LIBRARY = "libc++";
				CLANG_ENABLE_MODULES = YES;
				CLANG_ENABLE_OBJC_ARC = YES;
				CLANG_WARN_BOOL_CONVERSION = YES;
				CLANG_WARN_CONSTANT_CONVERSION = YES;
				CLANG_WARN_DIRECT_OBJC_ISA_USAGE = YES_ERROR;
				CLANG_WARN_DOCUMENTATION_COMMENTS = YES;
				CLANG_WARN_EMPTY_BODY = YES;
				CLANG_WARN_ENUM_CONVERSION = YES;
				CLANG_WARN_INFINITE_RECURSION = YES;
				CLANG_WARN_INT_CONVERSION = YES;
				CLANG_WARN_OBJC_ROOT_CLASS = YES_ERROR;
				CLANG_WARN_SUSPICIOUS_MOVE = YES;
				CLANG_WARN_UNREACHABLE_CODE = YES;
				CLANG_WARN__DUPLICATE_METHOD_MATCH = YES;
				"CODE_SIGN_IDENTITY[sdk=iphoneos*]" = "iPhone Developer";
				COPY_PHASE_STRIP = NO;
				DEBUG_INFORMATION_FORMAT = "dwarf-with-dsym";
				ENABLE_NS_ASSERTIONS = NO;
				ENABLE_STRICT_OBJC_MSGSEND = YES;
				GCC_C_LANGUAGE_STANDARD = gnu99;
				GCC_NO_COMMON_BLOCKS = YES;
				GCC_WARN_64_TO_32_BIT_CONVERSION = YES;
				GCC_WARN_ABOUT_RETURN_TYPE = YES_ERROR;
				GCC_WARN_UNDECLARED_SELECTOR = YES;
				GCC_WARN_UNINITIALIZED_AUTOS = YES_AGGRESSIVE;
				GCC_WARN_UNUSED_FUNCTION = YES;
				GCC_WARN_UNUSED_VARIABLE = YES;
				IPHONEOS_DEPLOYMENT_TARGET = 10.2;
				MTL_ENABLE_DEBUG_INFO = NO;
				SDKROOT = iphoneos;
				SWIFT_OPTIMIZATION_LEVEL = "-Owholemodule";
				VALIDATE_PRODUCT = YES;
			};
			name = Release;
		};
		E76D114D201F4AA9009C6DA5 /* Debug */ = {
			isa = XCBuildConfiguration;
			buildSettings = {
				ASSETCATALOG_COMPILER_APPICON_NAME = AppIcon;
				DEVELOPMENT_TEAM = PR7TNNQAV2;
				INFOPLIST_FILE = "TASK_2_Łukasz/Info.plist";
				LD_RUNPATH_SEARCH_PATHS = "$(inherited) @executable_path/Frameworks";
				PRODUCT_BUNDLE_IDENTIFIER = "Roman-Mykitchak.TASK-2--ukasz";
				PRODUCT_NAME = "$(TARGET_NAME)";
				SWIFT_VERSION = 3.0;
			};
			name = Debug;
		};
		E76D114E201F4AA9009C6DA5 /* Release */ = {
			isa = XCBuildConfiguration;
			buildSettings = {
				ASSETCATALOG_COMPILER_APPICON_NAME = AppIcon;
				DEVELOPMENT_TEAM = PR7TNNQAV2;
				INFOPLIST_FILE = "TASK_2_Łukasz/Info.plist";
				LD_RUNPATH_SEARCH_PATHS = "$(inherited) @executable_path/Frameworks";
				PRODUCT_BUNDLE_IDENTIFIER = "Roman-Mykitchak.TASK-2--ukasz";
				PRODUCT_NAME = "$(TARGET_NAME)";
				SWIFT_VERSION = 3.0;
			};
			name = Release;
		};
/* End XCBuildConfiguration section */

/* Begin XCConfigurationList section */
		E76D1135201F4AA7009C6DA5 /* Build configuration list for PBXProject "TASK_2_Łukasz" */ = {
			isa = XCConfigurationList;
			buildConfigurations = (
				E76D114A201F4AA9009C6DA5 /* Debug */,
				E76D114B201F4AA9009C6DA5 /* Release */,
			);
			defaultConfigurationIsVisible = 0;
			defaultConfigurationName = Release;
		};
		E76D114C201F4AA9009C6DA5 /* Build configuration list for PBXNativeTarget "TASK_2_Łukasz" */ = {
			isa = XCConfigurationList;
			buildConfigurations = (
				E76D114D201F4AA9009C6DA5 /* Debug */,
				E76D114E201F4AA9009C6DA5 /* Release */,
			);
			defaultConfigurationIsVisible = 0;
		};
/* End XCConfigurationList section */
	};
	rootObject = E76D1132201F4AA7009C6DA5 /* Project object */;
}
